
Microsoft Visual Studio Solution File, Format Version 12.00
# Visual Studio Version 16
VisualStudioVersion = 16.0.29326.143
MinimumVisualStudioVersion = 10.0.40219.1
Project("{9A19103F-16F7-4668-BE54-9A1E7A4F7556}") = "Domain", "Domain\Domain.csproj", "{F251EC78-DC0E-4252-9754-028932D161DB}"
EndProject
Project("{9A19103F-16F7-4668-BE54-9A1E7A4F7556}") = "Data", "Data\Data.csproj", "{3F0CAE1D-C077-496D-8553-F8F1ED7F7C9F}"
EndProject
Project("{9A19103F-16F7-4668-BE54-9A1E7A4F7556}") = "Core", "Core\Core.csproj", "{8A6862E8-05A3-485B-8721-9031EC60405C}"
EndProject
Global
	GlobalSection(SolutionConfigurationPlatforms) = preSolution
		Debug|Any CPU = Debug|Any CPU
		Release|Any CPU = Release|Any CPU
	EndGlobalSection
	GlobalSection(ProjectConfigurationPlatforms) = postSolution
		{F251EC78-DC0E-4252-9754-028932D161DB}.Debug|Any CPU.ActiveCfg = Debug|Any CPU
		{F251EC78-DC0E-4252-9754-028932D161DB}.Debug|Any CPU.Build.0 = Debug|Any CPU
		{F251EC78-DC0E-4252-9754-028932D161DB}.Release|Any CPU.ActiveCfg = Release|Any CPU
		{F251EC78-DC0E-4252-9754-028932D161DB}.Release|Any CPU.Build.0 = Release|Any CPU
		{3F0CAE1D-C077-496D-8553-F8F1ED7F7C9F}.Debug|Any CPU.ActiveCfg = Debug|Any CPU
		{3F0CAE1D-C077-496D-8553-F8F1ED7F7C9F}.Debug|Any CPU.Build.0 = Debug|Any CPU
		{3F0CAE1D-C077-496D-8553-F8F1ED7F7C9F}.Release|Any CPU.ActiveCfg = Release|Any CPU
		{3F0CAE1D-C077-496D-8553-F8F1ED7F7C9F}.Release|Any CPU.Build.0 = Release|Any CPU
		{8A6862E8-05A3-485B-8721-9031EC60405C}.Debug|Any CPU.ActiveCfg = Debug|Any CPU
		{8A6862E8-05A3-485B-8721-9031EC60405C}.Debug|Any CPU.Build.0 = Debug|Any CPU
		{8A6862E8-05A3-485B-8721-9031EC60405C}.Release|Any CPU.ActiveCfg = Release|Any CPU
		{8A6862E8-05A3-485B-8721-9031EC60405C}.Release|Any CPU.Build.0 = Release|Any CPU
	EndGlobalSection
	GlobalSection(SolutionProperties) = preSolution
		HideSolutionNode = FALSE
	EndGlobalSection
	GlobalSection(ExtensibilityGlobals) = postSolution
		SolutionGuid = {C519FC47-0429-4CF2-8366-835781A0F029}
	EndGlobalSection
EndGlobal
