
Microsoft Visual Studio Solution File, Format Version 12.00
# Visual Studio Version 16
VisualStudioVersion = 16.0.29326.143
MinimumVisualStudioVersion = 10.0.40219.1
Project("{FAE04EC0-301F-11D3-BF4B-00C04F79EFBC}") = "Web", "Web\Web.csproj", "{7715BF57-D2CD-491F-B211-4A8BE40471E1}"
EndProject
Global
	GlobalSection(SolutionConfigurationPlatforms) = preSolution
		Debug|Any CPU = Debug|Any CPU
		Release|Any CPU = Release|Any CPU
	EndGlobalSection
	GlobalSection(ProjectConfigurationPlatforms) = postSolution
		{7715BF57-D2CD-491F-B211-4A8BE40471E1}.Debug|Any CPU.ActiveCfg = Debug|Any CPU
		{7715BF57-D2CD-491F-B211-4A8BE40471E1}.Debug|Any CPU.Build.0 = Debug|Any CPU
		{7715BF57-D2CD-491F-B211-4A8BE40471E1}.Release|Any CPU.ActiveCfg = Release|Any CPU
		{7715BF57-D2CD-491F-B211-4A8BE40471E1}.Release|Any CPU.Build.0 = Release|Any CPU
	EndGlobalSection
	GlobalSection(SolutionProperties) = preSolution
		HideSolutionNode = FALSE
	EndGlobalSection
	GlobalSection(ExtensibilityGlobals) = postSolution
		SolutionGuid = {F9859ABC-CD2E-4647-B62A-D521911F6154}
	EndGlobalSection
EndGlobal
