
Microsoft Visual Studio Solution File, Format Version 12.00
# Visual Studio Version 16
VisualStudioVersion = 16.0.29324.140
MinimumVisualStudioVersion = 10.0.40219.1
Project("{FAE04EC0-301F-11D3-BF4B-00C04F79EFBC}") = "Org", "Org\Org.csproj", "{B092E95A-9C40-48CF-A490-004DED65D9ED}"
EndProject
Global
	GlobalSection(SolutionConfigurationPlatforms) = preSolution
		Debug|Any CPU = Debug|Any CPU
		Release|Any CPU = Release|Any CPU
	EndGlobalSection
	GlobalSection(ProjectConfigurationPlatforms) = postSolution
		{B092E95A-9C40-48CF-A490-004DED65D9ED}.Debug|Any CPU.ActiveCfg = Debug|Any CPU
		{B092E95A-9C40-48CF-A490-004DED65D9ED}.Debug|Any CPU.Build.0 = Debug|Any CPU
		{B092E95A-9C40-48CF-A490-004DED65D9ED}.Release|Any CPU.ActiveCfg = Release|Any CPU
		{B092E95A-9C40-48CF-A490-004DED65D9ED}.Release|Any CPU.Build.0 = Release|Any CPU
	EndGlobalSection
	GlobalSection(SolutionProperties) = preSolution
		HideSolutionNode = FALSE
	EndGlobalSection
	GlobalSection(ExtensibilityGlobals) = postSolution
		SolutionGuid = {B6FA98AD-83F4-42D4-B39A-18D35138BC8E}
	EndGlobalSection
EndGlobal
